
Microsoft Visual Studio Solution File, Format Version 12.00
# Visual Studio Version 17
VisualStudioVersion = 17.10.34916.146
MinimumVisualStudioVersion = 10.0.40219.1
Project("{FAE04EC0-301F-11D3-BF4B-00C04F79EFBC}") = "SimpleRSA", "SimpleRSA\SimpleRSA.csproj", "{04B88A3A-82EB-4D8A-8A68-A33862B20632}"
EndProject
Global
	GlobalSection(SolutionConfigurationPlatforms) = preSolution
		Debug|Any CPU = Debug|Any CPU
		Release|Any CPU = Release|Any CPU
	EndGlobalSection
	GlobalSection(ProjectConfigurationPlatforms) = postSolution
		{04B88A3A-82EB-4D8A-8A68-A33862B20632}.Debug|Any CPU.ActiveCfg = Debug|Any CPU
		{04B88A3A-82EB-4D8A-8A68-A33862B20632}.Debug|Any CPU.Build.0 = Debug|Any CPU
		{04B88A3A-82EB-4D8A-8A68-A33862B20632}.Release|Any CPU.ActiveCfg = Release|Any CPU
		{04B88A3A-82EB-4D8A-8A68-A33862B20632}.Release|Any CPU.Build.0 = Release|Any CPU
	EndGlobalSection
	GlobalSection(SolutionProperties) = preSolution
		HideSolutionNode = FALSE
	EndGlobalSection
	GlobalSection(ExtensibilityGlobals) = postSolution
		SolutionGuid = {E6235B31-5524-433E-BAD7-FB58D2DB3843}
	EndGlobalSection
EndGlobal
